
Microsoft Visual Studio Solution File, Format Version 12.00
# Visual Studio Version 17
VisualStudioVersion = 17.14.36203.30 d17.14
MinimumVisualStudioVersion = 10.0.40219.1
Project("{FAE04EC0-301F-11D3-BF4B-00C04F79EFBC}") = "MiniBitMVC", "MiniBitMVC\MiniBitMVC.csproj", "{DD794D8B-29A3-4009-80F6-CE15BA482F3E}"
EndProject
Global
	GlobalSection(SolutionConfigurationPlatforms) = preSolution
		Debug|Any CPU = Debug|Any CPU
		Release|Any CPU = Release|Any CPU
	EndGlobalSection
	GlobalSection(ProjectConfigurationPlatforms) = postSolution
		{DD794D8B-29A3-4009-80F6-CE15BA482F3E}.Debug|Any CPU.ActiveCfg = Debug|Any CPU
		{DD794D8B-29A3-4009-80F6-CE15BA482F3E}.Debug|Any CPU.Build.0 = Debug|Any CPU
		{DD794D8B-29A3-4009-80F6-CE15BA482F3E}.Release|Any CPU.ActiveCfg = Release|Any CPU
		{DD794D8B-29A3-4009-80F6-CE15BA482F3E}.Release|Any CPU.Build.0 = Release|Any CPU
	EndGlobalSection
	GlobalSection(SolutionProperties) = preSolution
		HideSolutionNode = FALSE
	EndGlobalSection
	GlobalSection(ExtensibilityGlobals) = postSolution
		SolutionGuid = {511E8E19-414A-4E14-BD6A-BBD130C7ACEC}
	EndGlobalSection
EndGlobal
